github.com/go-routeros/routeros v0.0.0-20190905230431-4e69e5fc3b22 h1:C6c62mxsyTBNZVXQ5nuWfNkYCsfklS7Ji0IR5+f1KQQ=
github.com/go-routeros/routeros v0.0.0-20190905230431-4e69e5fc3b22/go.mod h1:em1mEqFKnoeQuQP9Sg7i26yaW8o05WwcNj7yLhrXxSQ=
github.com/google/martian v2.1.0+incompatible h1:/CP5g8u/VJHijgedC/Legn3BAbAaWPgecwXBIDzw5no=
github.com/google/martian v2.1.0+incompatible/go.mod h1:9I4somxYTbIHy5NJKHRl3wXiIaQGbYVAs8BPL6v8lEs=
